
Microsoft Visual Studio Solution File, Format Version 12.00
# Visual Studio Version 17
VisualStudioVersion = 17.7.34031.279
MinimumVisualStudioVersion = 10.0.40219.1
Project("{FAE04EC0-301F-11D3-BF4B-00C04F79EFBC}") = "автосервис", "автосервис\автосервис.csproj", "{FEA7F6E4-22B6-47CE-9C7F-7B1878257E7B}"
EndProject
Global
	GlobalSection(SolutionConfigurationPlatforms) = preSolution
		Debug|Any CPU = Debug|Any CPU
		Release|Any CPU = Release|Any CPU
	EndGlobalSection
	GlobalSection(ProjectConfigurationPlatforms) = postSolution
		{FEA7F6E4-22B6-47CE-9C7F-7B1878257E7B}.Debug|Any CPU.ActiveCfg = Debug|Any CPU
		{FEA7F6E4-22B6-47CE-9C7F-7B1878257E7B}.Debug|Any CPU.Build.0 = Debug|Any CPU
		{FEA7F6E4-22B6-47CE-9C7F-7B1878257E7B}.Release|Any CPU.ActiveCfg = Release|Any CPU
		{FEA7F6E4-22B6-47CE-9C7F-7B1878257E7B}.Release|Any CPU.Build.0 = Release|Any CPU
	EndGlobalSection
	GlobalSection(SolutionProperties) = preSolution
		HideSolutionNode = FALSE
	EndGlobalSection
	GlobalSection(ExtensibilityGlobals) = postSolution
		SolutionGuid = {DCB40D58-1F02-45F6-B9BF-9749260ED629}
	EndGlobalSection
EndGlobal
